
Microsoft Visual Studio Solution File, Format Version 12.00
# Visual Studio Version 16
VisualStudioVersion = 16.0.29215.179
MinimumVisualStudioVersion = 10.0.40219.1
Project("{8BC9CEB8-8B4A-11D0-8D11-00A0C91BC942}") = "BSP_Loader", "BSP_Loader.vcxproj", "{F0C990EE-1EDF-42C7-8463-8CC40767C024}"
EndProject
Global
	GlobalSection(SolutionConfigurationPlatforms) = preSolution
		Debug|x64 = Debug|x64
		Debug|x86 = Debug|x86
		Release|x64 = Release|x64
		Release|x86 = Release|x86
	EndGlobalSection
	GlobalSection(ProjectConfigurationPlatforms) = postSolution
		{F0C990EE-1EDF-42C7-8463-8CC40767C024}.Debug|x64.ActiveCfg = Debug|x64
		{F0C990EE-1EDF-42C7-8463-8CC40767C024}.Debug|x64.Build.0 = Debug|x64
		{F0C990EE-1EDF-42C7-8463-8CC40767C024}.Debug|x86.ActiveCfg = Debug|Win32
		{F0C990EE-1EDF-42C7-8463-8CC40767C024}.Debug|x86.Build.0 = Debug|Win32
		{F0C990EE-1EDF-42C7-8463-8CC40767C024}.Release|x64.ActiveCfg = Release|x64
		{F0C990EE-1EDF-42C7-8463-8CC40767C024}.Release|x64.Build.0 = Release|x64
		{F0C990EE-1EDF-42C7-8463-8CC40767C024}.Release|x86.ActiveCfg = Release|Win32
		{F0C990EE-1EDF-42C7-8463-8CC40767C024}.Release|x86.Build.0 = Release|Win32
	EndGlobalSection
	GlobalSection(SolutionProperties) = preSolution
		HideSolutionNode = FALSE
	EndGlobalSection
	GlobalSection(ExtensibilityGlobals) = postSolution
		SolutionGuid = {BEE107F5-67C9-4C08-8312-6A73A99F41FB}
	EndGlobalSection
EndGlobal
